// !$*UTF8*$!
{
	archiveVersion = 1;
	classes = {
	};
	objectVersion = 51;
	objects = {

/* Begin PBXBuildFile section */
		1A01A19CA1E547FD74E8BD45 /* Pods_TodoList.framework in Frameworks */ = {isa = PBXBuildFile; fileRef = 0717614C6555317A2C6D23B5 /* Pods_TodoList.framework */; };
		2035577A06F496C2B188E3AE /* Pods_TodoListTests.framework in Frameworks */ = {isa = PBXBuildFile; fileRef = 0F0495CC9A57ACB1D4263AE0 /* Pods_TodoListTests.framework */; };
		E44CBB9B2599F5A600448280 /* RealmCategory.swift in Sources */ = {isa = PBXBuildFile; fileRef = E44CBB9A2599F5A600448280 /* RealmCategory.swift */; };
		E44CBBA02599F5BD00448280 /* RealmItem.swift in Sources */ = {isa = PBXBuildFile; fileRef = E44CBB9F2599F5BD00448280 /* RealmItem.swift */; };
		E452131725984A91006D817A /* CategoryViewController.swift in Sources */ = {isa = PBXBuildFile; fileRef = E452131625984A91006D817A /* CategoryViewController.swift */; };
		E4864E782592AE6E009C935F /* AppDelegate.swift in Sources */ = {isa = PBXBuildFile; fileRef = E4864E772592AE6E009C935F /* AppDelegate.swift */; };
		E4864E7A2592AE6E009C935F /* SceneDelegate.swift in Sources */ = {isa = PBXBuildFile; fileRef = E4864E792592AE6E009C935F /* SceneDelegate.swift */; };
		E4864E7C2592AE6E009C935F /* TodoListViewController.swift in Sources */ = {isa = PBXBuildFile; fileRef = E4864E7B2592AE6E009C935F /* TodoListViewController.swift */; };
		E4864E7F2592AE6E009C935F /* Main.storyboard in Resources */ = {isa = PBXBuildFile; fileRef = E4864E7D2592AE6E009C935F /* Main.storyboard */; };
		E4864E812592AE6F009C935F /* Assets.xcassets in Resources */ = {isa = PBXBuildFile; fileRef = E4864E802592AE6F009C935F /* Assets.xcassets */; };
		E4864E842592AE6F009C935F /* LaunchScreen.storyboard in Resources */ = {isa = PBXBuildFile; fileRef = E4864E822592AE6F009C935F /* LaunchScreen.storyboard */; };
		E4864E8F2592AE6F009C935F /* TodoListTests.swift in Sources */ = {isa = PBXBuildFile; fileRef = E4864E8E2592AE6F009C935F /* TodoListTests.swift */; };
		E4864E9A2592AE6F009C935F /* TodoListUITests.swift in Sources */ = {isa = PBXBuildFile; fileRef = E4864E992592AE6F009C935F /* TodoListUITests.swift */; };
		E4EF4B6A25956D3800527F12 /* CoreDataModel.xcdatamodeld in Sources */ = {isa = PBXBuildFile; fileRef = E4EF4B6825956D3800527F12 /* CoreDataModel.xcdatamodeld */; };
		F92FE5F583CECD7DF7C8D404 /* Pods_TodoList_TodoListUITests.framework in Frameworks */ = {isa = PBXBuildFile; fileRef = 356FF294EADBCCAEEA188AB0 /* Pods_TodoList_TodoListUITests.framework */; };
/* End PBXBuildFile section */

/* Begin PBXContainerItemProxy section */
		E4864E8B2592AE6F009C935F /* PBXContainerItemProxy */ = {
			isa = PBXContainerItemProxy;
			containerPortal = E4864E6C2592AE6E009C935F /* Project object */;
			proxyType = 1;
			remoteGlobalIDString = E4864E732592AE6E009C935F;
			remoteInfo = TodoList;
		};
		E4864E962592AE6F009C935F /* PBXContainerItemProxy */ = {
			isa = PBXContainerItemProxy;
			containerPortal = E4864E6C2592AE6E009C935F /* Project object */;
			proxyType = 1;
			remoteGlobalIDString = E4864E732592AE6E009C935F;
			remoteInfo = TodoList;
		};
/* End PBXContainerItemProxy section */

/* Begin PBXFileReference section */
		0717614C6555317A2C6D23B5 /* Pods_TodoList.framework */ = {isa = PBXFileReference; explicitFileType = wrapper.framework; includeInIndex = 0; path = Pods_TodoList.framework; sourceTree = BUILT_PRODUCTS_DIR; };
		085DB643650368831883B1E3 /* Pods-TodoList-TodoListUITests.release.xcconfig */ = {isa = PBXFileReference; includeInIndex = 1; lastKnownFileType = text.xcconfig; name = "Pods-TodoList-TodoListUITests.release.xcconfig"; path = "Target Support Files/Pods-TodoList-TodoListUITests/Pods-TodoList-TodoListUITests.release.xcconfig"; sourceTree = "<group>"; };
		0F0495CC9A57ACB1D4263AE0 /* Pods_TodoListTests.framework */ = {isa = PBXFileReference; explicitFileType = wrapper.framework; includeInIndex = 0; path = Pods_TodoListTests.framework; sourceTree = BUILT_PRODUCTS_DIR; };
		356FF294EADBCCAEEA188AB0 /* Pods_TodoList_TodoListUITests.framework */ = {isa = PBXFileReference; explicitFileType = wrapper.framework; includeInIndex = 0; path = Pods_TodoList_TodoListUITests.framework; sourceTree = BUILT_PRODUCTS_DIR; };
		4D84094FC73753DC3B95FE4A /* Pods-TodoList.debug.xcconfig */ = {isa = PBXFileReference; includeInIndex = 1; lastKnownFileType = text.xcconfig; name = "Pods-TodoList.debug.xcconfig"; path = "Target Support Files/Pods-TodoList/Pods-TodoList.debug.xcconfig"; sourceTree = "<group>"; };
		6BAB0917BFF6317B5A7506C2 /* Pods-TodoListTests.release.xcconfig */ = {isa = PBXFileReference; includeInIndex = 1; lastKnownFileType = text.xcconfig; name = "Pods-TodoListTests.release.xcconfig"; path = "Target Support Files/Pods-TodoListTests/Pods-TodoListTests.release.xcconfig"; sourceTree = "<group>"; };
		9325ED7D5D7AD18DCAC9D9FD /* Pods-TodoListTests.debug.xcconfig */ = {isa = PBXFileReference; includeInIndex = 1; lastKnownFileType = text.xcconfig; name = "Pods-TodoListTests.debug.xcconfig"; path = "Target Support Files/Pods-TodoListTests/Pods-TodoListTests.debug.xcconfig"; sourceTree = "<group>"; };
		94935C843C5F35E14B13A53E /* Pods-TodoList-TodoListUITests.debug.xcconfig */ = {isa = PBXFileReference; includeInIndex = 1; lastKnownFileType = text.xcconfig; name = "Pods-TodoList-TodoListUITests.debug.xcconfig"; path = "Target Support Files/Pods-TodoList-TodoListUITests/Pods-TodoList-TodoListUITests.debug.xcconfig"; sourceTree = "<group>"; };
		E44CBB9A2599F5A600448280 /* RealmCategory.swift */ = {isa = PBXFileReference; lastKnownFileType = sourcecode.swift; path = RealmCategory.swift; sourceTree = "<group>"; };
		E44CBB9F2599F5BD00448280 /* RealmItem.swift */ = {isa = PBXFileReference; lastKnownFileType = sourcecode.swift; path = RealmItem.swift; sourceTree = "<group>"; };
		E452131625984A91006D817A /* CategoryViewController.swift */ = {isa = PBXFileReference; lastKnownFileType = sourcecode.swift; path = CategoryViewController.swift; sourceTree = "<group>"; };
		E4864E742592AE6E009C935F /* TodoList.app */ = {isa = PBXFileReference; explicitFileType = wrapper.application; includeInIndex = 0; path = TodoList.app; sourceTree = BUILT_PRODUCTS_DIR; };
		E4864E772592AE6E009C935F /* AppDelegate.swift */ = {isa = PBXFileReference; lastKnownFileType = sourcecode.swift; path = AppDelegate.swift; sourceTree = "<group>"; };
		E4864E792592AE6E009C935F /* SceneDelegate.swift */ = {isa = PBXFileReference; lastKnownFileType = sourcecode.swift; path = SceneDelegate.swift; sourceTree = "<group>"; };
		E4864E7B2592AE6E009C935F /* TodoListViewController.swift */ = {isa = PBXFileReference; lastKnownFileType = sourcecode.swift; path = TodoListViewController.swift; sourceTree = "<group>"; };
		E4864E7E2592AE6E009C935F /* Base */ = {isa = PBXFileReference; lastKnownFileType = file.storyboard; name = Base; path = Base.lproj/Main.storyboard; sourceTree = "<group>"; };
		E4864E802592AE6F009C935F /* Assets.xcassets */ = {isa = PBXFileReference; lastKnownFileType = folder.assetcatalog; path = Assets.xcassets; sourceTree = "<group>"; };
		E4864E832592AE6F009C935F /* Base */ = {isa = PBXFileReference; lastKnownFileType = file.storyboard; name = Base; path = Base.lproj/LaunchScreen.storyboard; sourceTree = "<group>"; };
		E4864E852592AE6F009C935F /* Info.plist */ = {isa = PBXFileReference; lastKnownFileType = text.plist.xml; path = Info.plist; sourceTree = "<group>"; };
		E4864E8A2592AE6F009C935F /* TodoListTests.xctest */ = {isa = PBXFileReference; explicitFileType = wrapper.cfbundle; includeInIndex = 0; path = TodoListTests.xctest; sourceTree = BUILT_PRODUCTS_DIR; };
		E4864E8E2592AE6F009C935F /* TodoListTests.swift */ = {isa = PBXFileReference; lastKnownFileType = sourcecode.swift; path = TodoListTests.swift; sourceTree = "<group>"; };
		E4864E902592AE6F009C935F /* Info.plist */ = {isa = PBXFileReference; lastKnownFileType = text.plist.xml; path = Info.plist; sourceTree = "<group>"; };
		E4864E952592AE6F009C935F /* TodoListUITests.xctest */ = {isa = PBXFileReference; explicitFileType = wrapper.cfbundle; includeInIndex = 0; path = TodoListUITests.xctest; sourceTree = BUILT_PRODUCTS_DIR; };
		E4864E992592AE6F009C935F /* TodoListUITests.swift */ = {isa = PBXFileReference; lastKnownFileType = sourcecode.swift; path = TodoListUITests.swift; sourceTree = "<group>"; };
		E4864E9B2592AE6F009C935F /* Info.plist */ = {isa = PBXFileReference; lastKnownFileType = text.plist.xml; path = Info.plist; sourceTree = "<group>"; };
		E4EF4B6925956D3800527F12 /* CoreDataModel.xcdatamodel */ = {isa = PBXFileReference; lastKnownFileType = wrapper.xcdatamodel; path = CoreDataModel.xcdatamodel; sourceTree = "<group>"; };
		EFEF6E84211B894E0A85A2CB /* Pods-TodoList.release.xcconfig */ = {isa = PBXFileReference; includeInIndex = 1; lastKnownFileType = text.xcconfig; name = "Pods-TodoList.release.xcconfig"; path = "Target Support Files/Pods-TodoList/Pods-TodoList.release.xcconfig"; sourceTree = "<group>"; };
/* End PBXFileReference section */

/* Begin PBXFrameworksBuildPhase section */
		E4864E712592AE6E009C935F /* Frameworks */ = {
			isa = PBXFrameworksBuildPhase;
			buildActionMask = 2147483647;
			files = (
				1A01A19CA1E547FD74E8BD45 /* Pods_TodoList.framework in Frameworks */,
			);
			runOnlyForDeploymentPostprocessing = 0;
		};
		E4864E872592AE6F009C935F /* Frameworks */ = {
			isa = PBXFrameworksBuildPhase;
			buildActionMask = 2147483647;
			files = (
				2035577A06F496C2B188E3AE /* Pods_TodoListTests.framework in Frameworks */,
			);
			runOnlyForDeploymentPostprocessing = 0;
		};
		E4864E922592AE6F009C935F /* Frameworks */ = {
			isa = PBXFrameworksBuildPhase;
			buildActionMask = 2147483647;
			files = (
				F92FE5F583CECD7DF7C8D404 /* Pods_TodoList_TodoListUITests.framework in Frameworks */,
			);
			runOnlyForDeploymentPostprocessing = 0;
		};
/* End PBXFrameworksBuildPhase section */

/* Begin PBXGroup section */
		CFE5CE7E5F334E101AA13D78 /* Pods */ = {
			isa = PBXGroup;
			children = (
				4D84094FC73753DC3B95FE4A /* Pods-TodoList.debug.xcconfig */,
				EFEF6E84211B894E0A85A2CB /* Pods-TodoList.release.xcconfig */,
				94935C843C5F35E14B13A53E /* Pods-TodoList-TodoListUITests.debug.xcconfig */,
				085DB643650368831883B1E3 /* Pods-TodoList-TodoListUITests.release.xcconfig */,
				9325ED7D5D7AD18DCAC9D9FD /* Pods-TodoListTests.debug.xcconfig */,
				6BAB0917BFF6317B5A7506C2 /* Pods-TodoListTests.release.xcconfig */,
			);
			path = Pods;
			sourceTree = "<group>";
		};
		DF378898161EA2F311687A95 /* Frameworks */ = {
			isa = PBXGroup;
			children = (
				0717614C6555317A2C6D23B5 /* Pods_TodoList.framework */,
				356FF294EADBCCAEEA188AB0 /* Pods_TodoList_TodoListUITests.framework */,
				0F0495CC9A57ACB1D4263AE0 /* Pods_TodoListTests.framework */,
			);
			name = Frameworks;
			sourceTree = "<group>";
		};
		E4589D38259463CF00EEAC87 /* Model */ = {
			isa = PBXGroup;
			children = (
				E4EF4B6825956D3800527F12 /* CoreDataModel.xcdatamodeld */,
				E44CBB9A2599F5A600448280 /* RealmCategory.swift */,
				E44CBB9F2599F5BD00448280 /* RealmItem.swift */,
			);
			path = Model;
			sourceTree = "<group>";
		};
		E4589D3C259463DF00EEAC87 /* Controllers */ = {
			isa = PBXGroup;
			children = (
				E452131625984A91006D817A /* CategoryViewController.swift */,
				E4864E7B2592AE6E009C935F /* TodoListViewController.swift */,
			);
			path = Controllers;
			sourceTree = "<group>";
		};
		E4589D432594641E00EEAC87 /* Views */ = {
			isa = PBXGroup;
			children = (
				E4864E7D2592AE6E009C935F /* Main.storyboard */,
			);
			path = Views;
			sourceTree = "<group>";
		};
		E4864E6B2592AE6E009C935F = {
			isa = PBXGroup;
			children = (
				E4864E762592AE6E009C935F /* TodoList */,
				E4864E8D2592AE6F009C935F /* TodoListTests */,
				E4864E982592AE6F009C935F /* TodoListUITests */,
				E4864E752592AE6E009C935F /* Products */,
				CFE5CE7E5F334E101AA13D78 /* Pods */,
				DF378898161EA2F311687A95 /* Frameworks */,
			);
			sourceTree = "<group>";
		};
		E4864E752592AE6E009C935F /* Products */ = {
			isa = PBXGroup;
			children = (
				E4864E742592AE6E009C935F /* TodoList.app */,
				E4864E8A2592AE6F009C935F /* TodoListTests.xctest */,
				E4864E952592AE6F009C935F /* TodoListUITests.xctest */,
			);
			name = Products;
			sourceTree = "<group>";
		};
		E4864E762592AE6E009C935F /* TodoList */ = {
			isa = PBXGroup;
			children = (
				E4864E772592AE6E009C935F /* AppDelegate.swift */,
				E4864E792592AE6E009C935F /* SceneDelegate.swift */,
				E4589D3C259463DF00EEAC87 /* Controllers */,
				E4589D38259463CF00EEAC87 /* Model */,
				E4589D432594641E00EEAC87 /* Views */,
				E4864E802592AE6F009C935F /* Assets.xcassets */,
				E4864E822592AE6F009C935F /* LaunchScreen.storyboard */,
				E4864E852592AE6F009C935F /* Info.plist */,
			);
			path = TodoList;
			sourceTree = "<group>";
		};
		E4864E8D2592AE6F009C935F /* TodoListTests */ = {
			isa = PBXGroup;
			children = (
				E4864E8E2592AE6F009C935F /* TodoListTests.swift */,
				E4864E902592AE6F009C935F /* Info.plist */,
			);
			path = TodoListTests;
			sourceTree = "<group>";
		};
		E4864E982592AE6F009C935F /* TodoListUITests */ = {
			isa = PBXGroup;
			children = (
				E4864E992592AE6F009C935F /* TodoListUITests.swift */,
				E4864E9B2592AE6F009C935F /* Info.plist */,
			);
			path = TodoListUITests;
			sourceTree = "<group>";
		};
/* End PBXGroup section */

/* Begin PBXNativeTarget section */
		E4864E732592AE6E009C935F /* TodoList */ = {
			isa = PBXNativeTarget;
			buildConfigurationList = E4864E9E2592AE6F009C935F /* Build configuration list for PBXNativeTarget "TodoList" */;
			buildPhases = (
				9BA796B7B5CC3B3A4B9E0F0F /* [CP] Check Pods Manifest.lock */,
				E4864E702592AE6E009C935F /* Sources */,
				E4864E712592AE6E009C935F /* Frameworks */,
				E4864E722592AE6E009C935F /* Resources */,
				F5BC97C493E8D2AE028C32CE /* [CP] Embed Pods Frameworks */,
			);
			buildRules = (
			);
			dependencies = (
			);
			name = TodoList;
			productName = TodoList;
			productReference = E4864E742592AE6E009C935F /* TodoList.app */;
			productType = "com.apple.product-type.application";
		};
		E4864E892592AE6F009C935F /* TodoListTests */ = {
			isa = PBXNativeTarget;
			buildConfigurationList = E4864EA12592AE6F009C935F /* Build configuration list for PBXNativeTarget "TodoListTests" */;
			buildPhases = (
				00DFBE1411FAB1C10B9CEAB8 /* [CP] Check Pods Manifest.lock */,
				E4864E862592AE6F009C935F /* Sources */,
				E4864E872592AE6F009C935F /* Frameworks */,
				E4864E882592AE6F009C935F /* Resources */,
			);
			buildRules = (
			);
			dependencies = (
				E4864E8C2592AE6F009C935F /* PBXTargetDependency */,
			);
			name = TodoListTests;
			productName = TodoListTests;
			productReference = E4864E8A2592AE6F009C935F /* TodoListTests.xctest */;
			productType = "com.apple.product-type.bundle.unit-test";
		};
		E4864E942592AE6F009C935F /* TodoListUITests */ = {
			isa = PBXNativeTarget;
			buildConfigurationList = E4864EA42592AE6F009C935F /* Build configuration list for PBXNativeTarget "TodoListUITests" */;
			buildPhases = (
				8A182963E96CDEDE769A7091 /* [CP] Check Pods Manifest.lock */,
				E4864E912592AE6F009C935F /* Sources */,
				E4864E922592AE6F009C935F /* Frameworks */,
				E4864E932592AE6F009C935F /* Resources */,
				0C9D42DD9306BC13817411CB /* [CP] Embed Pods Frameworks */,
			);
			buildRules = (
			);
			dependencies = (
				E4864E972592AE6F009C935F /* PBXTargetDependency */,
			);
			name = TodoListUITests;
			productName = TodoListUITests;
			productReference = E4864E952592AE6F009C935F /* TodoListUITests.xctest */;
			productType = "com.apple.product-type.bundle.ui-testing";
		};
/* End PBXNativeTarget section */

/* Begin PBXProject section */
		E4864E6C2592AE6E009C935F /* Project object */ = {
			isa = PBXProject;
			attributes = {
				LastSwiftUpdateCheck = 1220;
				LastUpgradeCheck = 1220;
				TargetAttributes = {
					E4864E732592AE6E009C935F = {
						CreatedOnToolsVersion = 12.2;
					};
					E4864E892592AE6F009C935F = {
						CreatedOnToolsVersion = 12.2;
						TestTargetID = E4864E732592AE6E009C935F;
					};
					E4864E942592AE6F009C935F = {
						CreatedOnToolsVersion = 12.2;
						TestTargetID = E4864E732592AE6E009C935F;
					};
				};
			};
			buildConfigurationList = E4864E6F2592AE6E009C935F /* Build configuration list for PBXProject "TodoList" */;
			compatibilityVersion = "Xcode 9.3";
			developmentRegion = en;
			hasScannedForEncodings = 0;
			knownRegions = (
				en,
				Base,
			);
			mainGroup = E4864E6B2592AE6E009C935F;
			productRefGroup = E4864E752592AE6E009C935F /* Products */;
			projectDirPath = "";
			projectRoot = "";
			targets = (
				E4864E732592AE6E009C935F /* TodoList */,
				E4864E892592AE6F009C935F /* TodoListTests */,
				E4864E942592AE6F009C935F /* TodoListUITests */,
			);
		};
/* End PBXProject section */

/* Begin PBXResourcesBuildPhase section */
		E4864E722592AE6E009C935F /* Resources */ = {
			isa = PBXResourcesBuildPhase;
			buildActionMask = 2147483647;
			files = (
				E4864E842592AE6F009C935F /* LaunchScreen.storyboard in Resources */,
				E4864E812592AE6F009C935F /* Assets.xcassets in Resources */,
				E4864E7F2592AE6E009C935F /* Main.storyboard in Resources */,
			);
			runOnlyForDeploymentPostprocessing = 0;
		};
		E4864E882592AE6F009C935F /* Resources */ = {
			isa = PBXResourcesBuildPhase;
			buildActionMask = 2147483647;
			files = (
			);
			runOnlyForDeploymentPostprocessing = 0;
		};
		E4864E932592AE6F009C935F /* Resources */ = {
			isa = PBXResourcesBuildPhase;
			buildActionMask = 2147483647;
			files = (
			);
			runOnlyForDeploymentPostprocessing = 0;
		};
/* End PBXResourcesBuildPhase section */

/* Begin PBXShellScriptBuildPhase section */
		00DFBE1411FAB1C10B9CEAB8 /* [CP] Check Pods Manifest.lock */ = {
			isa = PBXShellScriptBuildPhase;
			buildActionMask = 2147483647;
			files = (
			);
			inputFileListPaths = (
			);
			inputPaths = (
				"${PODS_PODFILE_DIR_PATH}/Podfile.lock",
				"${PODS_ROOT}/Manifest.lock",
			);
			name = "[CP] Check Pods Manifest.lock";
			outputFileListPaths = (
			);
			outputPaths = (
				"$(DERIVED_FILE_DIR)/Pods-TodoListTests-checkManifestLockResult.txt",
			);
			runOnlyForDeploymentPostprocessing = 0;
			shellPath = /bin/sh;
			shellScript = "diff \"${PODS_PODFILE_DIR_PATH}/Podfile.lock\" \"${PODS_ROOT}/Manifest.lock\" > /dev/null\nif [ $? != 0 ] ; then\n    # print error to STDERR\n    echo \"error: The sandbox is not in sync with the Podfile.lock. Run 'pod install' or update your CocoaPods installation.\" >&2\n    exit 1\nfi\n# This output is used by Xcode 'outputs' to avoid re-running this script phase.\necho \"SUCCESS\" > \"${SCRIPT_OUTPUT_FILE_0}\"\n";
			showEnvVarsInLog = 0;
		};
		0C9D42DD9306BC13817411CB /* [CP] Embed Pods Frameworks */ = {
			isa = PBXShellScriptBuildPhase;
			buildActionMask = 2147483647;
			files = (
			);
			inputFileListPaths = (
				"${PODS_ROOT}/Target Support Files/Pods-TodoList-TodoListUITests/Pods-TodoList-TodoListUITests-frameworks-${CONFIGURATION}-input-files.xcfilelist",
			);
			name = "[CP] Embed Pods Frameworks";
			outputFileListPaths = (
				"${PODS_ROOT}/Target Support Files/Pods-TodoList-TodoListUITests/Pods-TodoList-TodoListUITests-frameworks-${CONFIGURATION}-output-files.xcfilelist",
			);
			runOnlyForDeploymentPostprocessing = 0;
			shellPath = /bin/sh;
			shellScript = "\"${PODS_ROOT}/Target Support Files/Pods-TodoList-TodoListUITests/Pods-TodoList-TodoListUITests-frameworks.sh\"\n";
			showEnvVarsInLog = 0;
		};
		8A182963E96CDEDE769A7091 /* [CP] Check Pods Manifest.lock */ = {
			isa = PBXShellScriptBuildPhase;
			buildActionMask = 2147483647;
			files = (
			);
			inputFileListPaths = (
			);
			inputPaths = (
				"${PODS_PODFILE_DIR_PATH}/Podfile.lock",
				"${PODS_ROOT}/Manifest.lock",
			);
			name = "[CP] Check Pods Manifest.lock";
			outputFileListPaths = (
			);
			outputPaths = (
				"$(DERIVED_FILE_DIR)/Pods-TodoList-TodoListUITests-checkManifestLockResult.txt",
			);
			runOnlyForDeploymentPostprocessing = 0;
			shellPath = /bin/sh;
			shellScript = "diff \"${PODS_PODFILE_DIR_PATH}/Podfile.lock\" \"${PODS_ROOT}/Manifest.lock\" > /dev/null\nif [ $? != 0 ] ; then\n    # print error to STDERR\n    echo \"error: The sandbox is not in sync with the Podfile.lock. Run 'pod install' or update your CocoaPods installation.\" >&2\n    exit 1\nfi\n# This output is used by Xcode 'outputs' to avoid re-running this script phase.\necho \"SUCCESS\" > \"${SCRIPT_OUTPUT_FILE_0}\"\n";
			showEnvVarsInLog = 0;
		};
		9BA796B7B5CC3B3A4B9E0F0F /* [CP] Check Pods Manifest.lock */ = {
			isa = PBXShellScriptBuildPhase;
			buildActionMask = 2147483647;
			files = (
			);
			inputFileListPaths = (
			);
			inputPaths = (
				"${PODS_PODFILE_DIR_PATH}/Podfile.lock",
				"${PODS_ROOT}/Manifest.lock",
			);
			name = "[CP] Check Pods Manifest.lock";
			outputFileListPaths = (
			);
			outputPaths = (
				"$(DERIVED_FILE_DIR)/Pods-TodoList-checkManifestLockResult.txt",
			);
			runOnlyForDeploymentPostprocessing = 0;
			shellPath = /bin/sh;
			shellScript = "diff \"${PODS_PODFILE_DIR_PATH}/Podfile.lock\" \"${PODS_ROOT}/Manifest.lock\" > /dev/null\nif [ $? != 0 ] ; then\n    # print error to STDERR\n    echo \"error: The sandbox is not in sync with the Podfile.lock. Run 'pod install' or update your CocoaPods installation.\" >&2\n    exit 1\nfi\n# This output is used by Xcode 'outputs' to avoid re-running this script phase.\necho \"SUCCESS\" > \"${SCRIPT_OUTPUT_FILE_0}\"\n";
			showEnvVarsInLog = 0;
		};
		F5BC97C493E8D2AE028C32CE /* [CP] Embed Pods Frameworks */ = {
			isa = PBXShellScriptBuildPhase;
			buildActionMask = 2147483647;
			files = (
			);
			inputFileListPaths = (
				"${PODS_ROOT}/Target Support Files/Pods-TodoList/Pods-TodoList-frameworks-${CONFIGURATION}-input-files.xcfilelist",
			);
			name = "[CP] Embed Pods Frameworks";
			outputFileListPaths = (
				"${PODS_ROOT}/Target Support Files/Pods-TodoList/Pods-TodoList-frameworks-${CONFIGURATION}-output-files.xcfilelist",
			);
			runOnlyForDeploymentPostprocessing = 0;
			shellPath = /bin/sh;
			shellScript = "\"${PODS_ROOT}/Target Support Files/Pods-TodoList/Pods-TodoList-frameworks.sh\"\n";
			showEnvVarsInLog = 0;
		};
/* End PBXShellScriptBuildPhase section */

/* Begin PBXSourcesBuildPhase section */
		E4864E702592AE6E009C935F /* Sources */ = {
			isa = PBXSourcesBuildPhase;
			buildActionMask = 2147483647;
			files = (
				E452131725984A91006D817A /* CategoryViewController.swift in Sources */,
				E4864E7C2592AE6E009C935F /* TodoListViewController.swift in Sources */,
				E44CBBA02599F5BD00448280 /* RealmItem.swift in Sources */,
				E4864E782592AE6E009C935F /* AppDelegate.swift in Sources */,
				E44CBB9B2599F5A600448280 /* RealmCategory.swift in Sources */,
				E4864E7A2592AE6E009C935F /* SceneDelegate.swift in Sources */,
				E4EF4B6A25956D3800527F12 /* CoreDataModel.xcdatamodeld in Sources */,
			);
			runOnlyForDeploymentPostprocessing = 0;
		};
		E4864E862592AE6F009C935F /* Sources */ = {
			isa = PBXSourcesBuildPhase;
			buildActionMask = 2147483647;
			files = (
				E4864E8F2592AE6F009C935F /* TodoListTests.swift in Sources */,
			);
			runOnlyForDeploymentPostprocessing = 0;
		};
		E4864E912592AE6F009C935F /* Sources */ = {
			isa = PBXSourcesBuildPhase;
			buildActionMask = 2147483647;
			files = (
				E4864E9A2592AE6F009C935F /* TodoListUITests.swift in Sources */,
			);
			runOnlyForDeploymentPostprocessing = 0;
		};
/* End PBXSourcesBuildPhase section */

/* Begin PBXTargetDependency section */
		E4864E8C2592AE6F009C935F /* PBXTargetDependency */ = {
			isa = PBXTargetDependency;
			target = E4864E732592AE6E009C935F /* TodoList */;
			targetProxy = E4864E8B2592AE6F009C935F /* PBXContainerItemProxy */;
		};
		E4864E972592AE6F009C935F /* PBXTargetDependency */ = {
			isa = PBXTargetDependency;
			target = E4864E732592AE6E009C935F /* TodoList */;
			targetProxy = E4864E962592AE6F009C935F /* PBXContainerItemProxy */;
		};
/* End PBXTargetDependency section */

/* Begin PBXVariantGroup section */
		E4864E7D2592AE6E009C935F /* Main.storyboard */ = {
			isa = PBXVariantGroup;
			children = (
				E4864E7E2592AE6E009C935F /* Base */,
			);
			name = Main.storyboard;
			sourceTree = "<group>";
		};
		E4864E822592AE6F009C935F /* LaunchScreen.storyboard */ = {
			isa = PBXVariantGroup;
			children = (
				E4864E832592AE6F009C935F /* Base */,
			);
			name = LaunchScreen.storyboard;
			sourceTree = "<group>";
		};
/* End PBXVariantGroup section */

/* Begin XCBuildConfiguration section */
		E4864E9C2592AE6F009C935F /* Debug */ = {
			isa = XCBuildConfiguration;
			buildSettings = {
				ALWAYS_SEARCH_USER_PATHS = NO;
				CLANG_ANALYZER_NONNULL = YES;
				CLANG_ANALYZER_NUMBER_OBJECT_CONVERSION = YES_AGGRESSIVE;
				CLANG_CXX_LANGUAGE_STANDARD = "gnu++14";
				CLANG_CXX_LIBRARY = "libc++";
				CLANG_ENABLE_MODULES = YES;
				CLANG_ENABLE_OBJC_ARC = YES;
				CLANG_ENABLE_OBJC_WEAK = YES;
				CLANG_WARN_BLOCK_CAPTURE_AUTORELEASING = YES;
				CLANG_WARN_BOOL_CONVERSION = YES;
				CLANG_WARN_COMMA = YES;
				CLANG_WARN_CONSTANT_CONVERSION = YES;
				CLANG_WARN_DEPRECATED_OBJC_IMPLEMENTATIONS = YES;
				CLANG_WARN_DIRECT_OBJC_ISA_USAGE = YES_ERROR;
				CLANG_WARN_DOCUMENTATION_COMMENTS = YES;
				CLANG_WARN_EMPTY_BODY = YES;
				CLANG_WARN_ENUM_CONVERSION = YES;
				CLANG_WARN_INFINITE_RECURSION = YES;
				CLANG_WARN_INT_CONVERSION = YES;
				CLANG_WARN_NON_LITERAL_NULL_CONVERSION = YES;
				CLANG_WARN_OBJC_IMPLICIT_RETAIN_SELF = YES;
				CLANG_WARN_OBJC_LITERAL_CONVERSION = YES;
				CLANG_WARN_OBJC_ROOT_CLASS = YES_ERROR;
				CLANG_WARN_QUOTED_INCLUDE_IN_FRAMEWORK_HEADER = YES;
				CLANG_WARN_RANGE_LOOP_ANALYSIS = YES;
				CLANG_WARN_STRICT_PROTOTYPES = YES;
				CLANG_WARN_SUSPICIOUS_MOVE = YES;
				CLANG_WARN_UNGUARDED_AVAILABILITY = YES_AGGRESSIVE;
				CLANG_WARN_UNREACHABLE_CODE = YES;
				CLANG_WARN__DUPLICATE_METHOD_MATCH = YES;
				COPY_PHASE_STRIP = NO;
				DEBUG_INFORMATION_FORMAT = dwarf;
				ENABLE_STRICT_OBJC_MSGSEND = YES;
				ENABLE_TESTABILITY = YES;
				GCC_C_LANGUAGE_STANDARD = gnu11;
				GCC_DYNAMIC_NO_PIC = NO;
				GCC_NO_COMMON_BLOCKS = YES;
				GCC_OPTIMIZATION_LEVEL = 0;
				GCC_PREPROCESSOR_DEFINITIONS = (
					"DEBUG=1",
					"$(inherited)",
				);
				GCC_WARN_64_TO_32_BIT_CONVERSION = YES;
				GCC_WARN_ABOUT_RETURN_TYPE = YES_ERROR;
				GCC_WARN_UNDECLARED_SELECTOR = YES;
				GCC_WARN_UNINITIALIZED_AUTOS = YES_AGGRESSIVE;
				GCC_WARN_UNUSED_FUNCTION = YES;
				GCC_WARN_UNUSED_VARIABLE = YES;
				IPHONEOS_DEPLOYMENT_TARGET = 14.2;
				MTL_ENABLE_DEBUG_INFO = INCLUDE_SOURCE;
				MTL_FAST_MATH = YES;
				ONLY_ACTIVE_ARCH = YES;
				SDKROOT = iphoneos;
				SWIFT_ACTIVE_COMPILATION_CONDITIONS = DEBUG;
				SWIFT_OPTIMIZATION_LEVEL = "-Onone";
			};
			name = Debug;
		};
		E4864E9D2592AE6F009C935F /* Release */ = {
			isa = XCBuildConfiguration;
			buildSettings = {
				ALWAYS_SEARCH_USER_PATHS = NO;
				CLANG_ANALYZER_NONNULL = YES;
				CLANG_ANALYZER_NUMBER_OBJECT_CONVERSION = YES_AGGRESSIVE;
				CLANG_CXX_LANGUAGE_STANDARD = "gnu++14";
				CLANG_CXX_LIBRARY = "libc++";
				CLANG_ENABLE_MODULES = YES;
				CLANG_ENABLE_OBJC_ARC = YES;
				CLANG_ENABLE_OBJC_WEAK = YES;
				CLANG_WARN_BLOCK_CAPTURE_AUTORELEASING = YES;
				CLANG_WARN_BOOL_CONVERSION = YES;
				CLANG_WARN_COMMA = YES;
				CLANG_WARN_CONSTANT_CONVERSION = YES;
				CLANG_WARN_DEPRECATED_OBJC_IMPLEMENTATIONS = YES;
				CLANG_WARN_DIRECT_OBJC_ISA_USAGE = YES_ERROR;
				CLANG_WARN_DOCUMENTATION_COMMENTS = YES;
				CLANG_WARN_EMPTY_BODY = YES;
				CLANG_WARN_ENUM_CONVERSION = YES;
				CLANG_WARN_INFINITE_RECURSION = YES;
				CLANG_WARN_INT_CONVERSION = YES;
				CLANG_WARN_NON_LITERAL_NULL_CONVERSION = YES;
				CLANG_WARN_OBJC_IMPLICIT_RETAIN_SELF = YES;
				CLANG_WARN_OBJC_LITERAL_CONVERSION = YES;
				CLANG_WARN_OBJC_ROOT_CLASS = YES_ERROR;
				CLANG_WARN_QUOTED_INCLUDE_IN_FRAMEWORK_HEADER = YES;
				CLANG_WARN_RANGE_LOOP_ANALYSIS = YES;
				CLANG_WARN_STRICT_PROTOTYPES = YES;
				CLANG_WARN_SUSPICIOUS_MOVE = YES;
				CLANG_WARN_UNGUARDED_AVAILABILITY = YES_AGGRESSIVE;
				CLANG_WARN_UNREACHABLE_CODE = YES;
				CLANG_WARN__DUPLICATE_METHOD_MATCH = YES;
				COPY_PHASE_STRIP = NO;
				DEBUG_INFORMATION_FORMAT = "dwarf-with-dsym";
				ENABLE_NS_ASSERTIONS = NO;
				ENABLE_STRICT_OBJC_MSGSEND = YES;
				GCC_C_LANGUAGE_STANDARD = gnu11;
				GCC_NO_COMMON_BLOCKS = YES;
				GCC_WARN_64_TO_32_BIT_CONVERSION = YES;
				GCC_WARN_ABOUT_RETURN_TYPE = YES_ERROR;
				GCC_WARN_UNDECLARED_SELECTOR = YES;
				GCC_WARN_UNINITIALIZED_AUTOS = YES_AGGRESSIVE;
				GCC_WARN_UNUSED_FUNCTION = YES;
				GCC_WARN_UNUSED_VARIABLE = YES;
				IPHONEOS_DEPLOYMENT_TARGET = 14.2;
				MTL_ENABLE_DEBUG_INFO = NO;
				MTL_FAST_MATH = YES;
				SDKROOT = iphoneos;
				SWIFT_COMPILATION_MODE = wholemodule;
				SWIFT_OPTIMIZATION_LEVEL = "-O";
				VALIDATE_PRODUCT = YES;
			};
			name = Release;
		};
		E4864E9F2592AE6F009C935F /* Debug */ = {
			isa = XCBuildConfiguration;
			baseConfigurationReference = 4D84094FC73753DC3B95FE4A /* Pods-TodoList.debug.xcconfig */;
			buildSettings = {
				ASSETCATALOG_COMPILER_APPICON_NAME = AppIcon;
				ASSETCATALOG_COMPILER_GLOBAL_ACCENT_COLOR_NAME = AccentColor;
				CODE_SIGN_STYLE = Automatic;
				DEVELOPMENT_TEAM = PLV75W9A6X;
				INFOPLIST_FILE = TodoList/Info.plist;
				LD_RUNPATH_SEARCH_PATHS = (
					"$(inherited)",
					"@executable_path/Frameworks",
				);
				PRODUCT_BUNDLE_IDENTIFIER = "Ben-Wen.TodoList";
				PRODUCT_NAME = "$(TARGET_NAME)";
				SWIFT_VERSION = 5.0;
				TARGETED_DEVICE_FAMILY = "1,2";
			};
			name = Debug;
		};
		E4864EA02592AE6F009C935F /* Release */ = {
			isa = XCBuildConfiguration;
			baseConfigurationReference = EFEF6E84211B894E0A85A2CB /* Pods-TodoList.release.xcconfig */;
			buildSettings = {
				ASSETCATALOG_COMPILER_APPICON_NAME = AppIcon;
				ASSETCATALOG_COMPILER_GLOBAL_ACCENT_COLOR_NAME = AccentColor;
				CODE_SIGN_STYLE = Automatic;
				DEVELOPMENT_TEAM = PLV75W9A6X;
				INFOPLIST_FILE = TodoList/Info.plist;
				LD_RUNPATH_SEARCH_PATHS = (
					"$(inherited)",
					"@executable_path/Frameworks",
				);
				PRODUCT_BUNDLE_IDENTIFIER = "Ben-Wen.TodoList";
				PRODUCT_NAME = "$(TARGET_NAME)";
				SWIFT_VERSION = 5.0;
				TARGETED_DEVICE_FAMILY = "1,2";
			};
			name = Release;
		};
		E4864EA22592AE6F009C935F /* Debug */ = {
			isa = XCBuildConfiguration;
			baseConfigurationReference = 9325ED7D5D7AD18DCAC9D9FD /* Pods-TodoListTests.debug.xcconfig */;
			buildSettings = {
				ALWAYS_EMBED_SWIFT_STANDARD_LIBRARIES = YES;
				BUNDLE_LOADER = "$(TEST_HOST)";
				CODE_SIGN_STYLE = Automatic;
				DEVELOPMENT_TEAM = PLV75W9A6X;
				INFOPLIST_FILE = TodoListTests/Info.plist;
				IPHONEOS_DEPLOYMENT_TARGET = 14.2;
				LD_RUNPATH_SEARCH_PATHS = (
					"$(inherited)",
					"@executable_path/Frameworks",
					"@loader_path/Frameworks",
				);
				PRODUCT_BUNDLE_IDENTIFIER = "Ben-Wen.TodoListTests";
				PRODUCT_NAME = "$(TARGET_NAME)";
				SWIFT_VERSION = 5.0;
				TARGETED_DEVICE_FAMILY = "1,2";
				TEST_HOST = "$(BUILT_PRODUCTS_DIR)/TodoList.app/TodoList";
			};
			name = Debug;
		};
		E4864EA32592AE6F009C935F /* Release */ = {
			isa = XCBuildConfiguration;
			baseConfigurationReference = 6BAB0917BFF6317B5A7506C2 /* Pods-TodoListTests.release.xcconfig */;
			buildSettings = {
				ALWAYS_EMBED_SWIFT_STANDARD_LIBRARIES = YES;
				BUNDLE_LOADER = "$(TEST_HOST)";
				CODE_SIGN_STYLE = Automatic;
				DEVELOPMENT_TEAM = PLV75W9A6X;
				INFOPLIST_FILE = TodoListTests/Info.plist;
				IPHONEOS_DEPLOYMENT_TARGET = 14.2;
				LD_RUNPATH_SEARCH_PATHS = (
					"$(inherited)",
					"@executable_path/Frameworks",
					"@loader_path/Frameworks",
				);
				PRODUCT_BUNDLE_IDENTIFIER = "Ben-Wen.TodoListTests";
				PRODUCT_NAME = "$(TARGET_NAME)";
				SWIFT_VERSION = 5.0;
				TARGETED_DEVICE_FAMILY = "1,2";
				TEST_HOST = "$(BUILT_PRODUCTS_DIR)/TodoList.app/TodoList";
			};
			name = Release;
		};
		E4864EA52592AE6F009C935F /* Debug */ = {
			isa = XCBuildConfiguration;
			baseConfigurationReference = 94935C843C5F35E14B13A53E /* Pods-TodoList-TodoListUITests.debug.xcconfig */;
			buildSettings = {
				ALWAYS_EMBED_SWIFT_STANDARD_LIBRARIES = YES;
				CODE_SIGN_STYLE = Automatic;
				DEVELOPMENT_TEAM = PLV75W9A6X;
				INFOPLIST_FILE = TodoListUITests/Info.plist;
				LD_RUNPATH_SEARCH_PATHS = (
					"$(inherited)",
					"@executable_path/Frameworks",
					"@loader_path/Frameworks",
				);
				PRODUCT_BUNDLE_IDENTIFIER = "Ben-Wen.TodoListUITests";
				PRODUCT_NAME = "$(TARGET_NAME)";
				SWIFT_VERSION = 5.0;
				TARGETED_DEVICE_FAMILY = "1,2";
				TEST_TARGET_NAME = TodoList;
			};
			name = Debug;
		};
		E4864EA62592AE6F009C935F /* Release */ = {
			isa = XCBuildConfiguration;
			baseConfigurationReference = 085DB643650368831883B1E3 /* Pods-TodoList-TodoListUITests.release.xcconfig */;
			buildSettings = {
				ALWAYS_EMBED_SWIFT_STANDARD_LIBRARIES = YES;
				CODE_SIGN_STYLE = Automatic;
				DEVELOPMENT_TEAM = PLV75W9A6X;
				INFOPLIST_FILE = TodoListUITests/Info.plist;
				LD_RUNPATH_SEARCH_PATHS = (
					"$(inherited)",
					"@executable_path/Frameworks",
					"@loader_path/Frameworks",
				);
				PRODUCT_BUNDLE_IDENTIFIER = "Ben-Wen.TodoListUITests";
				PRODUCT_NAME = "$(TARGET_NAME)";
				SWIFT_VERSION = 5.0;
				TARGETED_DEVICE_FAMILY = "1,2";
				TEST_TARGET_NAME = TodoList;
			};
			name = Release;
		};
/* End XCBuildConfiguration section */

/* Begin XCConfigurationList section */
		E4864E6F2592AE6E009C935F /* Build configuration list for PBXProject "TodoList" */ = {
			isa = XCConfigurationList;
			buildConfigurations = (
				E4864E9C2592AE6F009C935F /* Debug */,
				E4864E9D2592AE6F009C935F /* Release */,
			);
			defaultConfigurationIsVisible = 0;
			defaultConfigurationName = Release;
		};
		E4864E9E2592AE6F009C935F /* Build configuration list for PBXNativeTarget "TodoList" */ = {
			isa = XCConfigurationList;
			buildConfigurations = (
				E4864E9F2592AE6F009C935F /* Debug */,
				E4864EA02592AE6F009C935F /* Release */,
			);
			defaultConfigurationIsVisible = 0;
			defaultConfigurationName = Release;
		};
		E4864EA12592AE6F009C935F /* Build configuration list for PBXNativeTarget "TodoListTests" */ = {
			isa = XCConfigurationList;
			buildConfigurations = (
				E4864EA22592AE6F009C935F /* Debug */,
				E4864EA32592AE6F009C935F /* Release */,
			);
			defaultConfigurationIsVisible = 0;
			defaultConfigurationName = Release;
		};
		E4864EA42592AE6F009C935F /* Build configuration list for PBXNativeTarget "TodoListUITests" */ = {
			isa = XCConfigurationList;
			buildConfigurations = (
				E4864EA52592AE6F009C935F /* Debug */,
				E4864EA62592AE6F009C935F /* Release */,
			);
			defaultConfigurationIsVisible = 0;
			defaultConfigurationName = Release;
		};
/* End XCConfigurationList section */

/* Begin XCVersionGroup section */
		E4EF4B6825956D3800527F12 /* CoreDataModel.xcdatamodeld */ = {
			isa = XCVersionGroup;
			children = (
				E4EF4B6925956D3800527F12 /* CoreDataModel.xcdatamodel */,
			);
			currentVersion = E4EF4B6925956D3800527F12 /* CoreDataModel.xcdatamodel */;
			path = CoreDataModel.xcdatamodeld;
			sourceTree = "<group>";
			versionGroupType = wrapper.xcdatamodel;
		};
/* End XCVersionGroup section */
	};
	rootObject = E4864E6C2592AE6E009C935F /* Project object */;
}
